
Microsoft Visual Studio Solution File, Format Version 12.00
# Visual Studio Version 17
VisualStudioVersion = 17.14.37012.4 d17.14
MinimumVisualStudioVersion = 10.0.40219.1
Project("{FAE04EC0-301F-11D3-BF4B-00C04F79EFBC}") = "C_Sharp_Crud", "C_Sharp_Crud\C_Sharp_Crud.csproj", "{BE6B8F07-D5FE-4683-BEAE-F80985521638}"
EndProject
Global
	GlobalSection(SolutionConfigurationPlatforms) = preSolution
		Debug|Any CPU = Debug|Any CPU
		Release|Any CPU = Release|Any CPU
	EndGlobalSection
	GlobalSection(ProjectConfigurationPlatforms) = postSolution
		{BE6B8F07-D5FE-4683-BEAE-F80985521638}.Debug|Any CPU.ActiveCfg = Debug|Any CPU
		{BE6B8F07-D5FE-4683-BEAE-F80985521638}.Debug|Any CPU.Build.0 = Debug|Any CPU
		{BE6B8F07-D5FE-4683-BEAE-F80985521638}.Release|Any CPU.ActiveCfg = Release|Any CPU
		{BE6B8F07-D5FE-4683-BEAE-F80985521638}.Release|Any CPU.Build.0 = Release|Any CPU
	EndGlobalSection
	GlobalSection(SolutionProperties) = preSolution
		HideSolutionNode = FALSE
	EndGlobalSection
	GlobalSection(ExtensibilityGlobals) = postSolution
		SolutionGuid = {72F5E53E-9AE5-496C-92A1-36FCE93EF028}
	EndGlobalSection
EndGlobal
